
Microsoft Visual Studio Solution File, Format Version 12.00
# Visual Studio 15
VisualStudioVersion = 15.0.33919.361
MinimumVisualStudioVersion = 10.0.40219.1
Project("{FAE04EC0-301F-11D3-BF4B-00C04F79EFBC}") = "SICXE_DeanHernandez", "SICXE_DeanHernandez\SICXE_DeanHernandez.csproj", "{1895C01F-F569-479F-95E9-2C2284ABBE4D}"
EndProject
Global
	GlobalSection(SolutionConfigurationPlatforms) = preSolution
		Debug|Any CPU = Debug|Any CPU
		Release|Any CPU = Release|Any CPU
	EndGlobalSection
	GlobalSection(ProjectConfigurationPlatforms) = postSolution
		{1895C01F-F569-479F-95E9-2C2284ABBE4D}.Debug|Any CPU.ActiveCfg = Debug|Any CPU
		{1895C01F-F569-479F-95E9-2C2284ABBE4D}.Debug|Any CPU.Build.0 = Debug|Any CPU
		{1895C01F-F569-479F-95E9-2C2284ABBE4D}.Release|Any CPU.ActiveCfg = Release|Any CPU
		{1895C01F-F569-479F-95E9-2C2284ABBE4D}.Release|Any CPU.Build.0 = Release|Any CPU
	EndGlobalSection
	GlobalSection(SolutionProperties) = preSolution
		HideSolutionNode = FALSE
	EndGlobalSection
	GlobalSection(ExtensibilityGlobals) = postSolution
		SolutionGuid = {DBAF85AB-16F9-4F76-B4ED-3079254D11FA}
	EndGlobalSection
EndGlobal
